{
	"name": "hxcpp-debugger",
	"version": "1.0.0",
	"lockfileVersion": 1,
	"requires": true,
	"dependencies": {
		"vscode-debugadapter": {
			"version": "1.8.0-pre.4",
			"resolved": "https://registry.npmjs.org/vscode-debugadapter/-/vscode-debugadapter-1.8.0-pre.4.tgz",
			"integrity": "sha1-mV9B8VUPdR4vcb/KbvguKP0fzqM=",
			"requires": {
				"vscode-debugprotocol": "1.8.0-pre.3"
			}
		},
		"vscode-debugprotocol": {
			"version": "1.8.0-pre.3",
			"resolved": "https://registry.npmjs.org/vscode-debugprotocol/-/vscode-debugprotocol-1.8.0-pre.3.tgz",
			"integrity": "sha1-wYvQBwJs4B8z1ysBqLC4eBdgSKY="
		}
	}
}
